// !$*UTF8*$!
{
	archiveVersion = 1;
	classes = {
	};
	objectVersion = 56;
	objects = {

/* Begin PBXBuildFile section */
		BD09307B2B668F0700CA5F96 /* latestShotCard.swift in Sources */ = {isa = PBXBuildFile; fileRef = BD09307A2B668F0700CA5F96 /* latestShotCard.swift */; };
		BD09307F2B668FED00CA5F96 /* news.swift in Sources */ = {isa = PBXBuildFile; fileRef = BD09307E2B668FED00CA5F96 /* news.swift */; };
		BD0930812B66936800CA5F96 /* calendarView.swift in Sources */ = {isa = PBXBuildFile; fileRef = BD0930802B66936800CA5F96 /* calendarView.swift */; };
		BD0930832B66CB8100CA5F96 /* searchBar.swift in Sources */ = {isa = PBXBuildFile; fileRef = BD0930822B66CB8100CA5F96 /* searchBar.swift */; };
		BD0930852B66CDAD00CA5F96 /* invitationCard.swift in Sources */ = {isa = PBXBuildFile; fileRef = BD0930842B66CDAD00CA5F96 /* invitationCard.swift */; };
		BD0930872B66CF3D00CA5F96 /* invitationCard2.swift in Sources */ = {isa = PBXBuildFile; fileRef = BD0930862B66CF3D00CA5F96 /* invitationCard2.swift */; };
		BD0930892B66D80F00CA5F96 /* bookings.swift in Sources */ = {isa = PBXBuildFile; fileRef = BD0930882B66D80F00CA5F96 /* bookings.swift */; };
		BD09308B2B66D96C00CA5F96 /* searchBarBookings.swift in Sources */ = {isa = PBXBuildFile; fileRef = BD09308A2B66D96C00CA5F96 /* searchBarBookings.swift */; };
		BD09308D2B66E07A00CA5F96 /* bookingCard.swift in Sources */ = {isa = PBXBuildFile; fileRef = BD09308C2B66E07A00CA5F96 /* bookingCard.swift */; };
		BD09308F2B66E1B400CA5F96 /* bookingCard2.swift in Sources */ = {isa = PBXBuildFile; fileRef = BD09308E2B66E1B400CA5F96 /* bookingCard2.swift */; };
		BD0930912B66E32F00CA5F96 /* bookingCard3.swift in Sources */ = {isa = PBXBuildFile; fileRef = BD0930902B66E32F00CA5F96 /* bookingCard3.swift */; };
		BD0930972B68107A00CA5F96 /* whoView.swift in Sources */ = {isa = PBXBuildFile; fileRef = BD0930962B68107A00CA5F96 /* whoView.swift */; };
		BD0930992B68128300CA5F96 /* aeroImg.swift in Sources */ = {isa = PBXBuildFile; fileRef = BD0930982B68128300CA5F96 /* aeroImg.swift */; };
		BD09309B2B68147D00CA5F96 /* landmarkCard2.swift in Sources */ = {isa = PBXBuildFile; fileRef = BD09309A2B68147D00CA5F96 /* landmarkCard2.swift */; };
		BD09309D2B6819C900CA5F96 /* detailsCard.swift in Sources */ = {isa = PBXBuildFile; fileRef = BD09309C2B6819C900CA5F96 /* detailsCard.swift */; };
		BD09309F2B681CC200CA5F96 /* termsAndCondition.swift in Sources */ = {isa = PBXBuildFile; fileRef = BD09309E2B681CC200CA5F96 /* termsAndCondition.swift */; };
		BD0930A12B682D2100CA5F96 /* profile.swift in Sources */ = {isa = PBXBuildFile; fileRef = BD0930A02B682D2100CA5F96 /* profile.swift */; };
		BD0930A32B68377300CA5F96 /* bookingDetails.swift in Sources */ = {isa = PBXBuildFile; fileRef = BD0930A22B68377300CA5F96 /* bookingDetails.swift */; };
		BD0930A52B68A9E300CA5F96 /* jobsCard.swift in Sources */ = {isa = PBXBuildFile; fileRef = BD0930A42B68A9E300CA5F96 /* jobsCard.swift */; };
		BD0930A72B68AA5D00CA5F96 /* jobsCard2.swift in Sources */ = {isa = PBXBuildFile; fileRef = BD0930A62B68AA5D00CA5F96 /* jobsCard2.swift */; };
		BD0930A92B68AF6500CA5F96 /* loginPage.swift in Sources */ = {isa = PBXBuildFile; fileRef = BD0930A82B68AF6500CA5F96 /* loginPage.swift */; };
		BD0930AD2B68BA3900CA5F96 /* newSignUp.swift in Sources */ = {isa = PBXBuildFile; fileRef = BD0930AC2B68BA3900CA5F96 /* newSignUp.swift */; };
		BD1844CD2B53E36D00702B8A /* loginOrSignUp.swift in Sources */ = {isa = PBXBuildFile; fileRef = BD1844CC2B53E36D00702B8A /* loginOrSignUp.swift */; };
		BD402CD22B6659A300C1FDA2 /* LandmarkCard.swift in Sources */ = {isa = PBXBuildFile; fileRef = BD402CD12B6659A300C1FDA2 /* LandmarkCard.swift */; };
		BD402CD42B6675DD00C1FDA2 /* tabView.swift in Sources */ = {isa = PBXBuildFile; fileRef = BD402CD32B6675DD00C1FDA2 /* tabView.swift */; };
		BD4193B82B47FA8100A77F50 /* done.swift in Sources */ = {isa = PBXBuildFile; fileRef = BD4193B72B47FA8100A77F50 /* done.swift */; };
		BD4193BA2B47FF6A00A77F50 /* doneSuccesfully.swift in Sources */ = {isa = PBXBuildFile; fileRef = BD4193B92B47FF6A00A77F50 /* doneSuccesfully.swift */; };
		BD4193BC2B48010100A77F50 /* PlotBooking.swift in Sources */ = {isa = PBXBuildFile; fileRef = BD4193BB2B48010100A77F50 /* PlotBooking.swift */; };
		BDAE30D42B68EC4F00AFC5E1 /* firstFirstPage.swift in Sources */ = {isa = PBXBuildFile; fileRef = BDAE30D32B68EC4E00AFC5E1 /* firstFirstPage.swift */; };
		BDAE30DA2B690BE000AFC5E1 /* dropDown.swift in Sources */ = {isa = PBXBuildFile; fileRef = BDAE30D92B690BE000AFC5E1 /* dropDown.swift */; };
		BDAE30DC2B6AAE6000AFC5E1 /* pilotBookingCard.swift in Sources */ = {isa = PBXBuildFile; fileRef = BDAE30DB2B6AAE6000AFC5E1 /* pilotBookingCard.swift */; };
		BDAE49312B485C5C00FD671A /* ConfirmPlot.swift in Sources */ = {isa = PBXBuildFile; fileRef = BDAE49302B485C5B00FD671A /* ConfirmPlot.swift */; };
		BDAE49332B4892E700FD671A /* signUp.swift in Sources */ = {isa = PBXBuildFile; fileRef = BDAE49322B4892E700FD671A /* signUp.swift */; };
		BDAE49352B49232C00FD671A /* tabBar.swift in Sources */ = {isa = PBXBuildFile; fileRef = BDAE49342B49232C00FD671A /* tabBar.swift */; };
		BDAE49372B492B1E00FD671A /* homePage.swift in Sources */ = {isa = PBXBuildFile; fileRef = BDAE49362B492B1E00FD671A /* homePage.swift */; };
		BDAE49392B49A02F00FD671A /* jobsView.swift in Sources */ = {isa = PBXBuildFile; fileRef = BDAE49382B49A02E00FD671A /* jobsView.swift */; };
		BDAE493B2B49C37100FD671A /* InvitationView.swift in Sources */ = {isa = PBXBuildFile; fileRef = BDAE493A2B49C37100FD671A /* InvitationView.swift */; };
		BDAE493D2B49D59F00FD671A /* mainHomePage.swift in Sources */ = {isa = PBXBuildFile; fileRef = BDAE493C2B49D59F00FD671A /* mainHomePage.swift */; };
		BDAE493F2B4B329000FD671A /* pilotSelection.swift in Sources */ = {isa = PBXBuildFile; fileRef = BDAE493E2B4B329000FD671A /* pilotSelection.swift */; };
		BDCAD6382B3158BC00943700 /* checkingApp.swift in Sources */ = {isa = PBXBuildFile; fileRef = BDCAD6372B3158BC00943700 /* checkingApp.swift */; };
		BDCAD63A2B3158BC00943700 /* ContentView.swift in Sources */ = {isa = PBXBuildFile; fileRef = BDCAD6392B3158BC00943700 /* ContentView.swift */; };
		BDCAD63C2B3158BF00943700 /* Assets.xcassets in Resources */ = {isa = PBXBuildFile; fileRef = BDCAD63B2B3158BF00943700 /* Assets.xcassets */; };
		BDCAD63F2B3158BF00943700 /* Preview Assets.xcassets in Resources */ = {isa = PBXBuildFile; fileRef = BDCAD63E2B3158BF00943700 /* Preview Assets.xcassets */; };
/* End PBXBuildFile section */

/* Begin PBXFileReference section */
		BD09307A2B668F0700CA5F96 /* latestShotCard.swift */ = {isa = PBXFileReference; lastKnownFileType = sourcecode.swift; path = latestShotCard.swift; sourceTree = "<group>"; };
		BD09307E2B668FED00CA5F96 /* news.swift */ = {isa = PBXFileReference; lastKnownFileType = sourcecode.swift; path = news.swift; sourceTree = "<group>"; };
		BD0930802B66936800CA5F96 /* calendarView.swift */ = {isa = PBXFileReference; lastKnownFileType = sourcecode.swift; path = calendarView.swift; sourceTree = "<group>"; };
		BD0930822B66CB8100CA5F96 /* searchBar.swift */ = {isa = PBXFileReference; lastKnownFileType = sourcecode.swift; path = searchBar.swift; sourceTree = "<group>"; };
		BD0930842B66CDAD00CA5F96 /* invitationCard.swift */ = {isa = PBXFileReference; lastKnownFileType = sourcecode.swift; path = invitationCard.swift; sourceTree = "<group>"; };
		BD0930862B66CF3D00CA5F96 /* invitationCard2.swift */ = {isa = PBXFileReference; lastKnownFileType = sourcecode.swift; path = invitationCard2.swift; sourceTree = "<group>"; };
		BD0930882B66D80F00CA5F96 /* bookings.swift */ = {isa = PBXFileReference; lastKnownFileType = sourcecode.swift; path = bookings.swift; sourceTree = "<group>"; };
		BD09308A2B66D96C00CA5F96 /* searchBarBookings.swift */ = {isa = PBXFileReference; lastKnownFileType = sourcecode.swift; path = searchBarBookings.swift; sourceTree = "<group>"; };
		BD09308C2B66E07A00CA5F96 /* bookingCard.swift */ = {isa = PBXFileReference; lastKnownFileType = sourcecode.swift; path = bookingCard.swift; sourceTree = "<group>"; };
		BD09308E2B66E1B400CA5F96 /* bookingCard2.swift */ = {isa = PBXFileReference; lastKnownFileType = sourcecode.swift; path = bookingCard2.swift; sourceTree = "<group>"; };
		BD0930902B66E32F00CA5F96 /* bookingCard3.swift */ = {isa = PBXFileReference; lastKnownFileType = sourcecode.swift; path = bookingCard3.swift; sourceTree = "<group>"; };
		BD0930962B68107A00CA5F96 /* whoView.swift */ = {isa = PBXFileReference; lastKnownFileType = sourcecode.swift; path = whoView.swift; sourceTree = "<group>"; };
		BD0930982B68128300CA5F96 /* aeroImg.swift */ = {isa = PBXFileReference; lastKnownFileType = sourcecode.swift; path = aeroImg.swift; sourceTree = "<group>"; };
		BD09309A2B68147D00CA5F96 /* landmarkCard2.swift */ = {isa = PBXFileReference; lastKnownFileType = sourcecode.swift; path = landmarkCard2.swift; sourceTree = "<group>"; };
		BD09309C2B6819C900CA5F96 /* detailsCard.swift */ = {isa = PBXFileReference; lastKnownFileType = sourcecode.swift; path = detailsCard.swift; sourceTree = "<group>"; };
		BD09309E2B681CC200CA5F96 /* termsAndCondition.swift */ = {isa = PBXFileReference; lastKnownFileType = sourcecode.swift; path = termsAndCondition.swift; sourceTree = "<group>"; };
		BD0930A02B682D2100CA5F96 /* profile.swift */ = {isa = PBXFileReference; lastKnownFileType = sourcecode.swift; path = profile.swift; sourceTree = "<group>"; };
		BD0930A22B68377300CA5F96 /* bookingDetails.swift */ = {isa = PBXFileReference; lastKnownFileType = sourcecode.swift; path = bookingDetails.swift; sourceTree = "<group>"; };
		BD0930A42B68A9E300CA5F96 /* jobsCard.swift */ = {isa = PBXFileReference; lastKnownFileType = sourcecode.swift; path = jobsCard.swift; sourceTree = "<group>"; };
		BD0930A62B68AA5D00CA5F96 /* jobsCard2.swift */ = {isa = PBXFileReference; lastKnownFileType = sourcecode.swift; path = jobsCard2.swift; sourceTree = "<group>"; };
		BD0930A82B68AF6500CA5F96 /* loginPage.swift */ = {isa = PBXFileReference; lastKnownFileType = sourcecode.swift; path = loginPage.swift; sourceTree = "<group>"; };
		BD0930AC2B68BA3900CA5F96 /* newSignUp.swift */ = {isa = PBXFileReference; lastKnownFileType = sourcecode.swift; path = newSignUp.swift; sourceTree = "<group>"; };
		BD1844CC2B53E36D00702B8A /* loginOrSignUp.swift */ = {isa = PBXFileReference; lastKnownFileType = sourcecode.swift; path = loginOrSignUp.swift; sourceTree = "<group>"; };
		BD402CD12B6659A300C1FDA2 /* LandmarkCard.swift */ = {isa = PBXFileReference; lastKnownFileType = sourcecode.swift; path = LandmarkCard.swift; sourceTree = "<group>"; };
		BD402CD32B6675DD00C1FDA2 /* tabView.swift */ = {isa = PBXFileReference; lastKnownFileType = sourcecode.swift; path = tabView.swift; sourceTree = "<group>"; };
		BD4193B72B47FA8100A77F50 /* done.swift */ = {isa = PBXFileReference; lastKnownFileType = sourcecode.swift; path = done.swift; sourceTree = "<group>"; };
		BD4193B92B47FF6A00A77F50 /* doneSuccesfully.swift */ = {isa = PBXFileReference; lastKnownFileType = sourcecode.swift; path = doneSuccesfully.swift; sourceTree = "<group>"; };
		BD4193BB2B48010100A77F50 /* PlotBooking.swift */ = {isa = PBXFileReference; lastKnownFileType = sourcecode.swift; path = PlotBooking.swift; sourceTree = "<group>"; };
		BDAE30D32B68EC4E00AFC5E1 /* firstFirstPage.swift */ = {isa = PBXFileReference; fileEncoding = 4; lastKnownFileType = sourcecode.swift; name = firstFirstPage.swift; path = ../../../../Downloads/firstFirstPage.swift; sourceTree = "<group>"; };
		BDAE30D92B690BE000AFC5E1 /* dropDown.swift */ = {isa = PBXFileReference; lastKnownFileType = sourcecode.swift; path = dropDown.swift; sourceTree = "<group>"; };
		BDAE30DB2B6AAE6000AFC5E1 /* pilotBookingCard.swift */ = {isa = PBXFileReference; lastKnownFileType = sourcecode.swift; path = pilotBookingCard.swift; sourceTree = "<group>"; };
		BDAE49302B485C5B00FD671A /* ConfirmPlot.swift */ = {isa = PBXFileReference; lastKnownFileType = sourcecode.swift; path = ConfirmPlot.swift; sourceTree = "<group>"; };
		BDAE49322B4892E700FD671A /* signUp.swift */ = {isa = PBXFileReference; lastKnownFileType = sourcecode.swift; path = signUp.swift; sourceTree = "<group>"; };
		BDAE49342B49232C00FD671A /* tabBar.swift */ = {isa = PBXFileReference; lastKnownFileType = sourcecode.swift; path = tabBar.swift; sourceTree = "<group>"; };
		BDAE49362B492B1E00FD671A /* homePage.swift */ = {isa = PBXFileReference; lastKnownFileType = sourcecode.swift; path = homePage.swift; sourceTree = "<group>"; };
		BDAE49382B49A02E00FD671A /* jobsView.swift */ = {isa = PBXFileReference; lastKnownFileType = sourcecode.swift; path = jobsView.swift; sourceTree = "<group>"; };
		BDAE493A2B49C37100FD671A /* InvitationView.swift */ = {isa = PBXFileReference; lastKnownFileType = sourcecode.swift; path = InvitationView.swift; sourceTree = "<group>"; };
		BDAE493C2B49D59F00FD671A /* mainHomePage.swift */ = {isa = PBXFileReference; lastKnownFileType = sourcecode.swift; path = mainHomePage.swift; sourceTree = "<group>"; };
		BDAE493E2B4B329000FD671A /* pilotSelection.swift */ = {isa = PBXFileReference; lastKnownFileType = sourcecode.swift; path = pilotSelection.swift; sourceTree = "<group>"; };
		BDCAD6342B3158BC00943700 /* checking.app */ = {isa = PBXFileReference; explicitFileType = wrapper.application; includeInIndex = 0; path = checking.app; sourceTree = BUILT_PRODUCTS_DIR; };
		BDCAD6372B3158BC00943700 /* checkingApp.swift */ = {isa = PBXFileReference; lastKnownFileType = sourcecode.swift; path = checkingApp.swift; sourceTree = "<group>"; };
		BDCAD6392B3158BC00943700 /* ContentView.swift */ = {isa = PBXFileReference; lastKnownFileType = sourcecode.swift; path = ContentView.swift; sourceTree = "<group>"; };
		BDCAD63B2B3158BF00943700 /* Assets.xcassets */ = {isa = PBXFileReference; lastKnownFileType = folder.assetcatalog; path = Assets.xcassets; sourceTree = "<group>"; };
		BDCAD63E2B3158BF00943700 /* Preview Assets.xcassets */ = {isa = PBXFileReference; lastKnownFileType = folder.assetcatalog; path = "Preview Assets.xcassets"; sourceTree = "<group>"; };
/* End PBXFileReference section */

/* Begin PBXFrameworksBuildPhase section */
		BDCAD6312B3158BC00943700 /* Frameworks */ = {
			isa = PBXFrameworksBuildPhase;
			buildActionMask = 2147483647;
			files = (
			);
			runOnlyForDeploymentPostprocessing = 0;
		};
/* End PBXFrameworksBuildPhase section */

/* Begin PBXGroup section */
		BD0930792B668ECB00CA5F96 /* homePage */ = {
			isa = PBXGroup;
			children = (
				BD09307A2B668F0700CA5F96 /* latestShotCard.swift */,
				BD09307E2B668FED00CA5F96 /* news.swift */,
			);
			path = homePage;
			sourceTree = "<group>";
		};
		BD402CCE2B66596500C1FDA2 /* components */ = {
			isa = PBXGroup;
			children = (
				BD0930962B68107A00CA5F96 /* whoView.swift */,
				BDAE30DB2B6AAE6000AFC5E1 /* pilotBookingCard.swift */,
				BD0930982B68128300CA5F96 /* aeroImg.swift */,
				BD09309C2B6819C900CA5F96 /* detailsCard.swift */,
				BD0930802B66936800CA5F96 /* calendarView.swift */,
				BD09309E2B681CC200CA5F96 /* termsAndCondition.swift */,
				BD0930792B668ECB00CA5F96 /* homePage */,
				BD402CD02B66598700C1FDA2 /* ConfirmPlot */,
			);
			path = components;
			sourceTree = "<group>";
		};
		BD402CCF2B66596E00C1FDA2 /* screens */ = {
			isa = PBXGroup;
			children = (
				BDAE30D32B68EC4E00AFC5E1 /* firstFirstPage.swift */,
				BD0930A82B68AF6500CA5F96 /* loginPage.swift */,
				BDAE493E2B4B329000FD671A /* pilotSelection.swift */,
				BDAE49362B492B1E00FD671A /* homePage.swift */,
				BDAE493C2B49D59F00FD671A /* mainHomePage.swift */,
				BD1844CC2B53E36D00702B8A /* loginOrSignUp.swift */,
				BDAE49322B4892E700FD671A /* signUp.swift */,
				BDAE49382B49A02E00FD671A /* jobsView.swift */,
				BD4193B72B47FA8100A77F50 /* done.swift */,
				BD4193BB2B48010100A77F50 /* PlotBooking.swift */,
				BD0930A02B682D2100CA5F96 /* profile.swift */,
				BDAE49302B485C5B00FD671A /* ConfirmPlot.swift */,
				BD0930882B66D80F00CA5F96 /* bookings.swift */,
				BDAE493A2B49C37100FD671A /* InvitationView.swift */,
				BD0930A22B68377300CA5F96 /* bookingDetails.swift */,
				BD0930AC2B68BA3900CA5F96 /* newSignUp.swift */,
				BD4193B92B47FF6A00A77F50 /* doneSuccesfully.swift */,
				BD402CD32B6675DD00C1FDA2 /* tabView.swift */,
			);
			path = screens;
			sourceTree = "<group>";
		};
		BD402CD02B66598700C1FDA2 /* ConfirmPlot */ = {
			isa = PBXGroup;
			children = (
				BD402CD12B6659A300C1FDA2 /* LandmarkCard.swift */,
				BD09309A2B68147D00CA5F96 /* landmarkCard2.swift */,
			);
			path = ConfirmPlot;
			sourceTree = "<group>";
		};
		BDAE30DD2B6AC86900AFC5E1 /* Opportunities */ = {
			isa = PBXGroup;
			children = (
				BD0930A62B68AA5D00CA5F96 /* jobsCard2.swift */,
				BD0930822B66CB8100CA5F96 /* searchBar.swift */,
				BD0930842B66CDAD00CA5F96 /* invitationCard.swift */,
				BD0930862B66CF3D00CA5F96 /* invitationCard2.swift */,
				BD0930A42B68A9E300CA5F96 /* jobsCard.swift */,
			);
			path = Opportunities;
			sourceTree = "<group>";
		};
		BDAE30DE2B6B8CC300AFC5E1 /* bBookings */ = {
			isa = PBXGroup;
			children = (
				BD0930902B66E32F00CA5F96 /* bookingCard3.swift */,
				BD09308A2B66D96C00CA5F96 /* searchBarBookings.swift */,
				BD09308C2B66E07A00CA5F96 /* bookingCard.swift */,
				BD09308E2B66E1B400CA5F96 /* bookingCard2.swift */,
			);
			path = bBookings;
			sourceTree = "<group>";
		};
		BDCAD62B2B3158BC00943700 = {
			isa = PBXGroup;
			children = (
				BDCAD6362B3158BC00943700 /* checking */,
				BDCAD6352B3158BC00943700 /* Products */,
			);
			sourceTree = "<group>";
		};
		BDCAD6352B3158BC00943700 /* Products */ = {
			isa = PBXGroup;
			children = (
				BDCAD6342B3158BC00943700 /* checking.app */,
			);
			name = Products;
			sourceTree = "<group>";
		};
		BDCAD6362B3158BC00943700 /* checking */ = {
			isa = PBXGroup;
			children = (
				BD402CCF2B66596E00C1FDA2 /* screens */,
				BD402CCE2B66596500C1FDA2 /* components */,
				BDCAD6392B3158BC00943700 /* ContentView.swift */,
				BDCAD6372B3158BC00943700 /* checkingApp.swift */,
				BDAE49342B49232C00FD671A /* tabBar.swift */,
				BDAE30D92B690BE000AFC5E1 /* dropDown.swift */,
				BDAE30DE2B6B8CC300AFC5E1 /* bBookings */,
				BDAE30DD2B6AC86900AFC5E1 /* Opportunities */,
				BDCAD63B2B3158BF00943700 /* Assets.xcassets */,
				BDCAD63D2B3158BF00943700 /* Preview Content */,
			);
			path = checking;
			sourceTree = "<group>";
		};
		BDCAD63D2B3158BF00943700 /* Preview Content */ = {
			isa = PBXGroup;
			children = (
				BDCAD63E2B3158BF00943700 /* Preview Assets.xcassets */,
			);
			path = "Preview Content";
			sourceTree = "<group>";
		};
/* End PBXGroup section */

/* Begin PBXNativeTarget section */
		BDCAD6332B3158BC00943700 /* checking */ = {
			isa = PBXNativeTarget;
			buildConfigurationList = BDCAD6422B3158BF00943700 /* Build configuration list for PBXNativeTarget "checking" */;
			buildPhases = (
				BDCAD6302B3158BC00943700 /* Sources */,
				BDCAD6312B3158BC00943700 /* Frameworks */,
				BDCAD6322B3158BC00943700 /* Resources */,
			);
			buildRules = (
			);
			dependencies = (
			);
			name = checking;
			productName = checking;
			productReference = BDCAD6342B3158BC00943700 /* checking.app */;
			productType = "com.apple.product-type.application";
		};
/* End PBXNativeTarget section */

/* Begin PBXProject section */
		BDCAD62C2B3158BC00943700 /* Project object */ = {
			isa = PBXProject;
			attributes = {
				BuildIndependentTargetsInParallel = 1;
				LastSwiftUpdateCheck = 1510;
				LastUpgradeCheck = 1510;
				TargetAttributes = {
					BDCAD6332B3158BC00943700 = {
						CreatedOnToolsVersion = 15.1;
					};
				};
			};
			buildConfigurationList = BDCAD62F2B3158BC00943700 /* Build configuration list for PBXProject "checking" */;
			compatibilityVersion = "Xcode 14.0";
			developmentRegion = en;
			hasScannedForEncodings = 0;
			knownRegions = (
				en,
				Base,
			);
			mainGroup = BDCAD62B2B3158BC00943700;
			productRefGroup = BDCAD6352B3158BC00943700 /* Products */;
			projectDirPath = "";
			projectRoot = "";
			targets = (
				BDCAD6332B3158BC00943700 /* checking */,
			);
		};
/* End PBXProject section */

/* Begin PBXResourcesBuildPhase section */
		BDCAD6322B3158BC00943700 /* Resources */ = {
			isa = PBXResourcesBuildPhase;
			buildActionMask = 2147483647;
			files = (
				BDCAD63F2B3158BF00943700 /* Preview Assets.xcassets in Resources */,
				BDCAD63C2B3158BF00943700 /* Assets.xcassets in Resources */,
			);
			runOnlyForDeploymentPostprocessing = 0;
		};
/* End PBXResourcesBuildPhase section */

/* Begin PBXSourcesBuildPhase section */
		BDCAD6302B3158BC00943700 /* Sources */ = {
			isa = PBXSourcesBuildPhase;
			buildActionMask = 2147483647;
			files = (
				BD0930A32B68377300CA5F96 /* bookingDetails.swift in Sources */,
				BDCAD63A2B3158BC00943700 /* ContentView.swift in Sources */,
				BD402CD42B6675DD00C1FDA2 /* tabView.swift in Sources */,
				BD09309F2B681CC200CA5F96 /* termsAndCondition.swift in Sources */,
				BD09309D2B6819C900CA5F96 /* detailsCard.swift in Sources */,
				BD0930AD2B68BA3900CA5F96 /* newSignUp.swift in Sources */,
				BDAE49352B49232C00FD671A /* tabBar.swift in Sources */,
				BDAE49372B492B1E00FD671A /* homePage.swift in Sources */,
				BD0930832B66CB8100CA5F96 /* searchBar.swift in Sources */,
				BD0930912B66E32F00CA5F96 /* bookingCard3.swift in Sources */,
				BD0930A52B68A9E300CA5F96 /* jobsCard.swift in Sources */,
				BD4193BA2B47FF6A00A77F50 /* doneSuccesfully.swift in Sources */,
				BD0930A72B68AA5D00CA5F96 /* jobsCard2.swift in Sources */,
				BD0930812B66936800CA5F96 /* calendarView.swift in Sources */,
				BDCAD6382B3158BC00943700 /* checkingApp.swift in Sources */,
				BD4193BC2B48010100A77F50 /* PlotBooking.swift in Sources */,
				BD09308F2B66E1B400CA5F96 /* bookingCard2.swift in Sources */,
				BDAE49332B4892E700FD671A /* signUp.swift in Sources */,
				BDAE30DC2B6AAE6000AFC5E1 /* pilotBookingCard.swift in Sources */,
				BD0930992B68128300CA5F96 /* aeroImg.swift in Sources */,
				BD0930892B66D80F00CA5F96 /* bookings.swift in Sources */,
				BD09309B2B68147D00CA5F96 /* landmarkCard2.swift in Sources */,
				BD0930A92B68AF6500CA5F96 /* loginPage.swift in Sources */,
				BD09308B2B66D96C00CA5F96 /* searchBarBookings.swift in Sources */,
				BD0930A12B682D2100CA5F96 /* profile.swift in Sources */,
				BD09307B2B668F0700CA5F96 /* latestShotCard.swift in Sources */,
				BD0930972B68107A00CA5F96 /* whoView.swift in Sources */,
				BD4193B82B47FA8100A77F50 /* done.swift in Sources */,
				BD0930872B66CF3D00CA5F96 /* invitationCard2.swift in Sources */,
				BD09308D2B66E07A00CA5F96 /* bookingCard.swift in Sources */,
				BDAE49392B49A02F00FD671A /* jobsView.swift in Sources */,
				BD402CD22B6659A300C1FDA2 /* LandmarkCard.swift in Sources */,
				BDAE49312B485C5C00FD671A /* ConfirmPlot.swift in Sources */,
				BD0930852B66CDAD00CA5F96 /* invitationCard.swift in Sources */,
				BD09307F2B668FED00CA5F96 /* news.swift in Sources */,
				BDAE493F2B4B329000FD671A /* pilotSelection.swift in Sources */,
				BDAE493B2B49C37100FD671A /* InvitationView.swift in Sources */,
				BD1844CD2B53E36D00702B8A /* loginOrSignUp.swift in Sources */,
				BDAE493D2B49D59F00FD671A /* mainHomePage.swift in Sources */,
				BDAE30DA2B690BE000AFC5E1 /* dropDown.swift in Sources */,
				BDAE30D42B68EC4F00AFC5E1 /* firstFirstPage.swift in Sources */,
			);
			runOnlyForDeploymentPostprocessing = 0;
		};
/* End PBXSourcesBuildPhase section */

/* Begin XCBuildConfiguration section */
		BDCAD6402B3158BF00943700 /* Debug */ = {
			isa = XCBuildConfiguration;
			buildSettings = {
				ALWAYS_SEARCH_USER_PATHS = NO;
				ASSETCATALOG_COMPILER_GENERATE_SWIFT_ASSET_SYMBOL_EXTENSIONS = YES;
				CLANG_ANALYZER_NONNULL = YES;
				CLANG_ANALYZER_NUMBER_OBJECT_CONVERSION = YES_AGGRESSIVE;
				CLANG_CXX_LANGUAGE_STANDARD = "gnu++20";
				CLANG_ENABLE_MODULES = YES;
				CLANG_ENABLE_OBJC_ARC = YES;
				CLANG_ENABLE_OBJC_WEAK = YES;
				CLANG_WARN_BLOCK_CAPTURE_AUTORELEASING = YES;
				CLANG_WARN_BOOL_CONVERSION = YES;
				CLANG_WARN_COMMA = YES;
				CLANG_WARN_CONSTANT_CONVERSION = YES;
				CLANG_WARN_DEPRECATED_OBJC_IMPLEMENTATIONS = YES;
				CLANG_WARN_DIRECT_OBJC_ISA_USAGE = YES_ERROR;
				CLANG_WARN_DOCUMENTATION_COMMENTS = YES;
				CLANG_WARN_EMPTY_BODY = YES;
				CLANG_WARN_ENUM_CONVERSION = YES;
				CLANG_WARN_INFINITE_RECURSION = YES;
				CLANG_WARN_INT_CONVERSION = YES;
				CLANG_WARN_NON_LITERAL_NULL_CONVERSION = YES;
				CLANG_WARN_OBJC_IMPLICIT_RETAIN_SELF = YES;
				CLANG_WARN_OBJC_LITERAL_CONVERSION = YES;
				CLANG_WARN_OBJC_ROOT_CLASS = YES_ERROR;
				CLANG_WARN_QUOTED_INCLUDE_IN_FRAMEWORK_HEADER = YES;
				CLANG_WARN_RANGE_LOOP_ANALYSIS = YES;
				CLANG_WARN_STRICT_PROTOTYPES = YES;
				CLANG_WARN_SUSPICIOUS_MOVE = YES;
				CLANG_WARN_UNGUARDED_AVAILABILITY = YES_AGGRESSIVE;
				CLANG_WARN_UNREACHABLE_CODE = YES;
				CLANG_WARN__DUPLICATE_METHOD_MATCH = YES;
				COPY_PHASE_STRIP = NO;
				DEBUG_INFORMATION_FORMAT = dwarf;
				ENABLE_STRICT_OBJC_MSGSEND = YES;
				ENABLE_TESTABILITY = YES;
				ENABLE_USER_SCRIPT_SANDBOXING = YES;
				GCC_C_LANGUAGE_STANDARD = gnu17;
				GCC_DYNAMIC_NO_PIC = NO;
				GCC_NO_COMMON_BLOCKS = YES;
				GCC_OPTIMIZATION_LEVEL = 0;
				GCC_PREPROCESSOR_DEFINITIONS = (
					"DEBUG=1",
					"$(inherited)",
				);
				GCC_WARN_64_TO_32_BIT_CONVERSION = YES;
				GCC_WARN_ABOUT_RETURN_TYPE = YES_ERROR;
				GCC_WARN_UNDECLARED_SELECTOR = YES;
				GCC_WARN_UNINITIALIZED_AUTOS = YES_AGGRESSIVE;
				GCC_WARN_UNUSED_FUNCTION = YES;
				GCC_WARN_UNUSED_VARIABLE = YES;
				IPHONEOS_DEPLOYMENT_TARGET = 17.2;
				LOCALIZATION_PREFERS_STRING_CATALOGS = YES;
				MTL_ENABLE_DEBUG_INFO = INCLUDE_SOURCE;
				MTL_FAST_MATH = YES;
				ONLY_ACTIVE_ARCH = YES;
				SDKROOT = iphoneos;
				SWIFT_ACTIVE_COMPILATION_CONDITIONS = "DEBUG $(inherited)";
				SWIFT_OPTIMIZATION_LEVEL = "-Onone";
			};
			name = Debug;
		};
		BDCAD6412B3158BF00943700 /* Release */ = {
			isa = XCBuildConfiguration;
			buildSettings = {
				ALWAYS_SEARCH_USER_PATHS = NO;
				ASSETCATALOG_COMPILER_GENERATE_SWIFT_ASSET_SYMBOL_EXTENSIONS = YES;
				CLANG_ANALYZER_NONNULL = YES;
				CLANG_ANALYZER_NUMBER_OBJECT_CONVERSION = YES_AGGRESSIVE;
				CLANG_CXX_LANGUAGE_STANDARD = "gnu++20";
				CLANG_ENABLE_MODULES = YES;
				CLANG_ENABLE_OBJC_ARC = YES;
				CLANG_ENABLE_OBJC_WEAK = YES;
				CLANG_WARN_BLOCK_CAPTURE_AUTORELEASING = YES;
				CLANG_WARN_BOOL_CONVERSION = YES;
				CLANG_WARN_COMMA = YES;
				CLANG_WARN_CONSTANT_CONVERSION = YES;
				CLANG_WARN_DEPRECATED_OBJC_IMPLEMENTATIONS = YES;
				CLANG_WARN_DIRECT_OBJC_ISA_USAGE = YES_ERROR;
				CLANG_WARN_DOCUMENTATION_COMMENTS = YES;
				CLANG_WARN_EMPTY_BODY = YES;
				CLANG_WARN_ENUM_CONVERSION = YES;
				CLANG_WARN_INFINITE_RECURSION = YES;
				CLANG_WARN_INT_CONVERSION = YES;
				CLANG_WARN_NON_LITERAL_NULL_CONVERSION = YES;
				CLANG_WARN_OBJC_IMPLICIT_RETAIN_SELF = YES;
				CLANG_WARN_OBJC_LITERAL_CONVERSION = YES;
				CLANG_WARN_OBJC_ROOT_CLASS = YES_ERROR;
				CLANG_WARN_QUOTED_INCLUDE_IN_FRAMEWORK_HEADER = YES;
				CLANG_WARN_RANGE_LOOP_ANALYSIS = YES;
				CLANG_WARN_STRICT_PROTOTYPES = YES;
				CLANG_WARN_SUSPICIOUS_MOVE = YES;
				CLANG_WARN_UNGUARDED_AVAILABILITY = YES_AGGRESSIVE;
				CLANG_WARN_UNREACHABLE_CODE = YES;
				CLANG_WARN__DUPLICATE_METHOD_MATCH = YES;
				COPY_PHASE_STRIP = NO;
				DEBUG_INFORMATION_FORMAT = "dwarf-with-dsym";
				ENABLE_NS_ASSERTIONS = NO;
				ENABLE_STRICT_OBJC_MSGSEND = YES;
				ENABLE_USER_SCRIPT_SANDBOXING = YES;
				GCC_C_LANGUAGE_STANDARD = gnu17;
				GCC_NO_COMMON_BLOCKS = YES;
				GCC_WARN_64_TO_32_BIT_CONVERSION = YES;
				GCC_WARN_ABOUT_RETURN_TYPE = YES_ERROR;
				GCC_WARN_UNDECLARED_SELECTOR = YES;
				GCC_WARN_UNINITIALIZED_AUTOS = YES_AGGRESSIVE;
				GCC_WARN_UNUSED_FUNCTION = YES;
				GCC_WARN_UNUSED_VARIABLE = YES;
				IPHONEOS_DEPLOYMENT_TARGET = 17.2;
				LOCALIZATION_PREFERS_STRING_CATALOGS = YES;
				MTL_ENABLE_DEBUG_INFO = NO;
				MTL_FAST_MATH = YES;
				SDKROOT = iphoneos;
				SWIFT_COMPILATION_MODE = wholemodule;
				VALIDATE_PRODUCT = YES;
			};
			name = Release;
		};
		BDCAD6432B3158BF00943700 /* Debug */ = {
			isa = XCBuildConfiguration;
			buildSettings = {
				ASSETCATALOG_COMPILER_APPICON_NAME = AppIcon;
				ASSETCATALOG_COMPILER_GLOBAL_ACCENT_COLOR_NAME = AccentColor;
				CODE_SIGN_STYLE = Automatic;
				CURRENT_PROJECT_VERSION = 1;
				DEVELOPMENT_ASSET_PATHS = "\"checking/Preview Content\"";
				ENABLE_PREVIEWS = YES;
				GENERATE_INFOPLIST_FILE = YES;
				INFOPLIST_KEY_UIApplicationSceneManifest_Generation = YES;
				INFOPLIST_KEY_UIApplicationSupportsIndirectInputEvents = YES;
				INFOPLIST_KEY_UILaunchScreen_Generation = YES;
				INFOPLIST_KEY_UISupportedInterfaceOrientations_iPad = "UIInterfaceOrientationPortrait UIInterfaceOrientationPortraitUpsideDown UIInterfaceOrientationLandscapeLeft UIInterfaceOrientationLandscapeRight";
				INFOPLIST_KEY_UISupportedInterfaceOrientations_iPhone = "UIInterfaceOrientationPortrait UIInterfaceOrientationLandscapeLeft UIInterfaceOrientationLandscapeRight";
				LD_RUNPATH_SEARCH_PATHS = (
					"$(inherited)",
					"@executable_path/Frameworks",
				);
				MARKETING_VERSION = 1.0;
				PRODUCT_BUNDLE_IDENTIFIER = com.IOS.checking;
				PRODUCT_NAME = "$(TARGET_NAME)";
				SWIFT_EMIT_LOC_STRINGS = YES;
				SWIFT_VERSION = 5.0;
				TARGETED_DEVICE_FAMILY = "1,2";
			};
			name = Debug;
		};
		BDCAD6442B3158BF00943700 /* Release */ = {
			isa = XCBuildConfiguration;
			buildSettings = {
				ASSETCATALOG_COMPILER_APPICON_NAME = AppIcon;
				ASSETCATALOG_COMPILER_GLOBAL_ACCENT_COLOR_NAME = AccentColor;
				CODE_SIGN_STYLE = Automatic;
				CURRENT_PROJECT_VERSION = 1;
				DEVELOPMENT_ASSET_PATHS = "\"checking/Preview Content\"";
				ENABLE_PREVIEWS = YES;
				GENERATE_INFOPLIST_FILE = YES;
				INFOPLIST_KEY_UIApplicationSceneManifest_Generation = YES;
				INFOPLIST_KEY_UIApplicationSupportsIndirectInputEvents = YES;
				INFOPLIST_KEY_UILaunchScreen_Generation = YES;
				INFOPLIST_KEY_UISupportedInterfaceOrientations_iPad = "UIInterfaceOrientationPortrait UIInterfaceOrientationPortraitUpsideDown UIInterfaceOrientationLandscapeLeft UIInterfaceOrientationLandscapeRight";
				INFOPLIST_KEY_UISupportedInterfaceOrientations_iPhone = "UIInterfaceOrientationPortrait UIInterfaceOrientationLandscapeLeft UIInterfaceOrientationLandscapeRight";
				LD_RUNPATH_SEARCH_PATHS = (
					"$(inherited)",
					"@executable_path/Frameworks",
				);
				MARKETING_VERSION = 1.0;
				PRODUCT_BUNDLE_IDENTIFIER = com.IOS.checking;
				PRODUCT_NAME = "$(TARGET_NAME)";
				SWIFT_EMIT_LOC_STRINGS = YES;
				SWIFT_VERSION = 5.0;
				TARGETED_DEVICE_FAMILY = "1,2";
			};
			name = Release;
		};
/* End XCBuildConfiguration section */

/* Begin XCConfigurationList section */
		BDCAD62F2B3158BC00943700 /* Build configuration list for PBXProject "checking" */ = {
			isa = XCConfigurationList;
			buildConfigurations = (
				BDCAD6402B3158BF00943700 /* Debug */,
				BDCAD6412B3158BF00943700 /* Release */,
			);
			defaultConfigurationIsVisible = 0;
			defaultConfigurationName = Release;
		};
		BDCAD6422B3158BF00943700 /* Build configuration list for PBXNativeTarget "checking" */ = {
			isa = XCConfigurationList;
			buildConfigurations = (
				BDCAD6432B3158BF00943700 /* Debug */,
				BDCAD6442B3158BF00943700 /* Release */,
			);
			defaultConfigurationIsVisible = 0;
			defaultConfigurationName = Release;
		};
/* End XCConfigurationList section */
	};
	rootObject = BDCAD62C2B3158BC00943700 /* Project object */;
}
